
Microsoft Visual Studio Solution File, Format Version 12.00
# Visual Studio 15
VisualStudioVersion = 15.0.28307.136
MinimumVisualStudioVersion = 10.0.40219.1
Project("{FAE04EC0-301F-11D3-BF4B-00C04F79EFBC}") = "Proyecto Final - Programacion Web 3", "Proyecto Final - Programacion Web 3\Proyecto Final - Programacion Web 3.csproj", "{28F86D53-0A34-401F-847D-4E422485CFCD}"
EndProject
Global
	GlobalSection(SolutionConfigurationPlatforms) = preSolution
		Debug|Any CPU = Debug|Any CPU
		Release|Any CPU = Release|Any CPU
	EndGlobalSection
	GlobalSection(ProjectConfigurationPlatforms) = postSolution
		{28F86D53-0A34-401F-847D-4E422485CFCD}.Debug|Any CPU.ActiveCfg = Debug|Any CPU
		{28F86D53-0A34-401F-847D-4E422485CFCD}.Debug|Any CPU.Build.0 = Debug|Any CPU
		{28F86D53-0A34-401F-847D-4E422485CFCD}.Release|Any CPU.ActiveCfg = Release|Any CPU
		{28F86D53-0A34-401F-847D-4E422485CFCD}.Release|Any CPU.Build.0 = Release|Any CPU
	EndGlobalSection
	GlobalSection(SolutionProperties) = preSolution
		HideSolutionNode = FALSE
	EndGlobalSection
	GlobalSection(ExtensibilityGlobals) = postSolution
		SolutionGuid = {A2E320DB-37D7-4969-8A8A-CA104EEAA085}
	EndGlobalSection
EndGlobal
